
Microsoft Visual Studio Solution File, Format Version 12.00
# Visual Studio Version 17
VisualStudioVersion = 17.5.002.0
MinimumVisualStudioVersion = 10.0.40219.1
Project("{9A19103F-16F7-4668-BE54-9A1E7A4F7556}") = "DogHouseService", "DogHouseService\DogHouseService.csproj", "{5E439319-FD17-4EB3-80FD-0DAA841B01AA}"
EndProject
Project("{2150E333-8FDC-42A3-9474-1A3956D46DE8}") = "DogHouseService (1)", "DogHouseService", "{FBF301EE-4FF8-481B-A82E-3D2B78AD5811}"
EndProject
Project("{9A19103F-16F7-4668-BE54-9A1E7A4F7556}") = "DogHouseService.Tests", "DogHouseService\DogHouseService.Tests\DogHouseService.Tests.csproj", "{868023FA-C7BF-45B6-BEAB-D6ECAA4AB769}"
EndProject
Global
	GlobalSection(SolutionConfigurationPlatforms) = preSolution
		Debug|Any CPU = Debug|Any CPU
		Release|Any CPU = Release|Any CPU
	EndGlobalSection
	GlobalSection(ProjectConfigurationPlatforms) = postSolution
		{5E439319-FD17-4EB3-80FD-0DAA841B01AA}.Debug|Any CPU.ActiveCfg = Debug|Any CPU
		{5E439319-FD17-4EB3-80FD-0DAA841B01AA}.Debug|Any CPU.Build.0 = Debug|Any CPU
		{5E439319-FD17-4EB3-80FD-0DAA841B01AA}.Release|Any CPU.ActiveCfg = Release|Any CPU
		{5E439319-FD17-4EB3-80FD-0DAA841B01AA}.Release|Any CPU.Build.0 = Release|Any CPU
		{868023FA-C7BF-45B6-BEAB-D6ECAA4AB769}.Debug|Any CPU.ActiveCfg = Debug|Any CPU
		{868023FA-C7BF-45B6-BEAB-D6ECAA4AB769}.Debug|Any CPU.Build.0 = Debug|Any CPU
		{868023FA-C7BF-45B6-BEAB-D6ECAA4AB769}.Release|Any CPU.ActiveCfg = Release|Any CPU
		{868023FA-C7BF-45B6-BEAB-D6ECAA4AB769}.Release|Any CPU.Build.0 = Release|Any CPU
	EndGlobalSection
	GlobalSection(SolutionProperties) = preSolution
		HideSolutionNode = FALSE
	EndGlobalSection
	GlobalSection(NestedProjects) = preSolution
		{868023FA-C7BF-45B6-BEAB-D6ECAA4AB769} = {FBF301EE-4FF8-481B-A82E-3D2B78AD5811}
	EndGlobalSection
	GlobalSection(ExtensibilityGlobals) = postSolution
		SolutionGuid = {04560078-FE6B-4186-A96D-43B4CDA33F4D}
	EndGlobalSection
EndGlobal
